
Microsoft Visual Studio Solution File, Format Version 12.00
# Visual Studio 2012
Project("{FAE04EC0-301F-11D3-BF4B-00C04F79EFBC}") = "EpamTask6-1.UserList.UI.ConsoleUI", "EpamTask6-1.UI.ConsoleUI\EpamTask6-1.UserList.UI.ConsoleUI.csproj", "{3AAE5133-A4A2-4549-96FE-D362024D9208}"
EndProject
Project("{2150E333-8FDC-42A3-9474-1A3956D46DE8}") = "PL", "PL", "{AB30F032-D3CC-463B-95DF-E219214DCA99}"
EndProject
Project("{2150E333-8FDC-42A3-9474-1A3956D46DE8}") = "DAL", "DAL", "{4B9FD482-7333-498A-9878-51AEAFCD8449}"
EndProject
Project("{2150E333-8FDC-42A3-9474-1A3956D46DE8}") = "BLL", "BLL", "{058DC5AD-6F22-487D-90D6-4E527DB52731}"
EndProject
Project("{FAE04EC0-301F-11D3-BF4B-00C04F79EFBC}") = "EpamTask6-1.UserList.Logic", "EpamTask6-1.UserList.Logic\EpamTask6-1.UserList.Logic.csproj", "{54886C6B-6ED2-49D2-9484-B78D631B7FE7}"
EndProject
Project("{FAE04EC0-301F-11D3-BF4B-00C04F79EFBC}") = "EpamTask6-1.UserList.DAL.Fake", "EpamTask6-1.UserList.DAL.Fake\EpamTask6-1.UserList.DAL.Fake.csproj", "{03B50103-F86E-40F5-9751-7EEA709628A8}"
EndProject
Project("{FAE04EC0-301F-11D3-BF4B-00C04F79EFBC}") = "EpamTask6-1.UserList.DAL.Files", "EpamTask6-1.UserList.DAL.Files\EpamTask6-1.UserList.DAL.Files.csproj", "{A73443FC-2ECA-4BFE-8618-9DA0A0C26C85}"
EndProject
Project("{2150E333-8FDC-42A3-9474-1A3956D46DE8}") = "Shared", "Shared", "{FFDD48C7-5A7E-4AC8-9651-593958AB41BD}"
EndProject
Project("{FAE04EC0-301F-11D3-BF4B-00C04F79EFBC}") = "EpamTask6-1.UserList.Entities", "EpamTask6-1.UserList.Entities\EpamTask6-1.UserList.Entities.csproj", "{03CFAD9E-7AD3-44FB-B1B2-CC7CFA88171B}"
EndProject
Project("{FAE04EC0-301F-11D3-BF4B-00C04F79EFBC}") = "EpamTask6-1.UserList.DAL.Abstract", "EpamTask6-1.UserList.DAL.Abstract\EpamTask6-1.UserList.DAL.Abstract.csproj", "{50DA9C35-EE22-4AC0-A421-F43A04D79794}"
EndProject
Global
	GlobalSection(SolutionConfigurationPlatforms) = preSolution
		Debug|Any CPU = Debug|Any CPU
		Release|Any CPU = Release|Any CPU
	EndGlobalSection
	GlobalSection(ProjectConfigurationPlatforms) = postSolution
		{3AAE5133-A4A2-4549-96FE-D362024D9208}.Debug|Any CPU.ActiveCfg = Debug|Any CPU
		{3AAE5133-A4A2-4549-96FE-D362024D9208}.Debug|Any CPU.Build.0 = Debug|Any CPU
		{3AAE5133-A4A2-4549-96FE-D362024D9208}.Release|Any CPU.ActiveCfg = Release|Any CPU
		{3AAE5133-A4A2-4549-96FE-D362024D9208}.Release|Any CPU.Build.0 = Release|Any CPU
		{54886C6B-6ED2-49D2-9484-B78D631B7FE7}.Debug|Any CPU.ActiveCfg = Debug|Any CPU
		{54886C6B-6ED2-49D2-9484-B78D631B7FE7}.Debug|Any CPU.Build.0 = Debug|Any CPU
		{54886C6B-6ED2-49D2-9484-B78D631B7FE7}.Release|Any CPU.ActiveCfg = Release|Any CPU
		{54886C6B-6ED2-49D2-9484-B78D631B7FE7}.Release|Any CPU.Build.0 = Release|Any CPU
		{03B50103-F86E-40F5-9751-7EEA709628A8}.Debug|Any CPU.ActiveCfg = Debug|Any CPU
		{03B50103-F86E-40F5-9751-7EEA709628A8}.Debug|Any CPU.Build.0 = Debug|Any CPU
		{03B50103-F86E-40F5-9751-7EEA709628A8}.Release|Any CPU.ActiveCfg = Release|Any CPU
		{03B50103-F86E-40F5-9751-7EEA709628A8}.Release|Any CPU.Build.0 = Release|Any CPU
		{A73443FC-2ECA-4BFE-8618-9DA0A0C26C85}.Debug|Any CPU.ActiveCfg = Debug|Any CPU
		{A73443FC-2ECA-4BFE-8618-9DA0A0C26C85}.Debug|Any CPU.Build.0 = Debug|Any CPU
		{A73443FC-2ECA-4BFE-8618-9DA0A0C26C85}.Release|Any CPU.ActiveCfg = Release|Any CPU
		{A73443FC-2ECA-4BFE-8618-9DA0A0C26C85}.Release|Any CPU.Build.0 = Release|Any CPU
		{03CFAD9E-7AD3-44FB-B1B2-CC7CFA88171B}.Debug|Any CPU.ActiveCfg = Debug|Any CPU
		{03CFAD9E-7AD3-44FB-B1B2-CC7CFA88171B}.Debug|Any CPU.Build.0 = Debug|Any CPU
		{03CFAD9E-7AD3-44FB-B1B2-CC7CFA88171B}.Release|Any CPU.ActiveCfg = Release|Any CPU
		{03CFAD9E-7AD3-44FB-B1B2-CC7CFA88171B}.Release|Any CPU.Build.0 = Release|Any CPU
		{50DA9C35-EE22-4AC0-A421-F43A04D79794}.Debug|Any CPU.ActiveCfg = Debug|Any CPU
		{50DA9C35-EE22-4AC0-A421-F43A04D79794}.Debug|Any CPU.Build.0 = Debug|Any CPU
		{50DA9C35-EE22-4AC0-A421-F43A04D79794}.Release|Any CPU.ActiveCfg = Release|Any CPU
		{50DA9C35-EE22-4AC0-A421-F43A04D79794}.Release|Any CPU.Build.0 = Release|Any CPU
	EndGlobalSection
	GlobalSection(SolutionProperties) = preSolution
		HideSolutionNode = FALSE
	EndGlobalSection
	GlobalSection(NestedProjects) = preSolution
		{3AAE5133-A4A2-4549-96FE-D362024D9208} = {AB30F032-D3CC-463B-95DF-E219214DCA99}
		{03B50103-F86E-40F5-9751-7EEA709628A8} = {4B9FD482-7333-498A-9878-51AEAFCD8449}
		{A73443FC-2ECA-4BFE-8618-9DA0A0C26C85} = {4B9FD482-7333-498A-9878-51AEAFCD8449}
		{50DA9C35-EE22-4AC0-A421-F43A04D79794} = {4B9FD482-7333-498A-9878-51AEAFCD8449}
		{54886C6B-6ED2-49D2-9484-B78D631B7FE7} = {058DC5AD-6F22-487D-90D6-4E527DB52731}
		{03CFAD9E-7AD3-44FB-B1B2-CC7CFA88171B} = {FFDD48C7-5A7E-4AC8-9651-593958AB41BD}
	EndGlobalSection
EndGlobal
